// !$*UTF8*$!
{
	archiveVersion = 1;
	classes = {
	};
	objectVersion = 46;
	objects = {

/* Begin PBXBuildFile section */
		084C01522061241100D466D4 /* black.jpg in Resources */ = {isa = PBXBuildFile; fileRef = 084C01512061241100D466D4 /* black.jpg */; };
		086B1BA91CC3509B0097E6E4 /* AVFoundation.framework in Frameworks */ = {isa = PBXBuildFile; fileRef = 086B1BA81CC3509B0097E6E4 /* AVFoundation.framework */; };
		086B1BAD1CC353E50097E6E4 /* banana1.mp3 in Resources */ = {isa = PBXBuildFile; fileRef = 086B1BAC1CC353E50097E6E4 /* banana1.mp3 */; };
		08A630061C958B6200272C11 /* RESET.jpg in Resources */ = {isa = PBXBuildFile; fileRef = 08A630031C958B6200272C11 /* RESET.jpg */; };
		08A630071C958B6200272C11 /* START.jpg in Resources */ = {isa = PBXBuildFile; fileRef = 08A630041C958B6200272C11 /* START.jpg */; };
		08A630081C958B6200272C11 /* STOP.jpg in Resources */ = {isa = PBXBuildFile; fileRef = 08A630051C958B6200272C11 /* STOP.jpg */; };
		08E0EA9B1C92C756007F8D08 /* main.m in Sources */ = {isa = PBXBuildFile; fileRef = 08E0EA9A1C92C756007F8D08 /* main.m */; };
		08E0EA9E1C92C756007F8D08 /* AppDelegate.m in Sources */ = {isa = PBXBuildFile; fileRef = 08E0EA9D1C92C756007F8D08 /* AppDelegate.m */; };
		08E0EAA11C92C756007F8D08 /* ViewController.m in Sources */ = {isa = PBXBuildFile; fileRef = 08E0EAA01C92C756007F8D08 /* ViewController.m */; };
		08E0EAA41C92C756007F8D08 /* Main.storyboard in Resources */ = {isa = PBXBuildFile; fileRef = 08E0EAA21C92C756007F8D08 /* Main.storyboard */; };
		08E0EAA61C92C756007F8D08 /* Assets.xcassets in Resources */ = {isa = PBXBuildFile; fileRef = 08E0EAA51C92C756007F8D08 /* Assets.xcassets */; };
		08E0EAA91C92C756007F8D08 /* LaunchScreen.storyboard in Resources */ = {isa = PBXBuildFile; fileRef = 08E0EAA71C92C756007F8D08 /* LaunchScreen.storyboard */; };
		08E0EAB41C92C756007F8D08 /* _0second_gameTests.m in Sources */ = {isa = PBXBuildFile; fileRef = 08E0EAB31C92C756007F8D08 /* _0second_gameTests.m */; };
		08E0EABF1C92C756007F8D08 /* _0second_gameUITests.m in Sources */ = {isa = PBXBuildFile; fileRef = 08E0EABE1C92C756007F8D08 /* _0second_gameUITests.m */; };
/* End PBXBuildFile section */

/* Begin PBXContainerItemProxy section */
		08E0EAB01C92C756007F8D08 /* PBXContainerItemProxy */ = {
			isa = PBXContainerItemProxy;
			containerPortal = 08E0EA8E1C92C756007F8D08 /* Project object */;
			proxyType = 1;
			remoteGlobalIDString = 08E0EA951C92C756007F8D08;
			remoteInfo = "10second game";
		};
		08E0EABB1C92C756007F8D08 /* PBXContainerItemProxy */ = {
			isa = PBXContainerItemProxy;
			containerPortal = 08E0EA8E1C92C756007F8D08 /* Project object */;
			proxyType = 1;
			remoteGlobalIDString = 08E0EA951C92C756007F8D08;
			remoteInfo = "10second game";
		};
/* End PBXContainerItemProxy section */

/* Begin PBXFileReference section */
		084C01512061241100D466D4 /* black.jpg */ = {isa = PBXFileReference; lastKnownFileType = image.jpeg; path = black.jpg; sourceTree = "<group>"; };
		086B1BA81CC3509B0097E6E4 /* AVFoundation.framework */ = {isa = PBXFileReference; lastKnownFileType = wrapper.framework; name = AVFoundation.framework; path = System/Library/Frameworks/AVFoundation.framework; sourceTree = SDKROOT; };
		086B1BAC1CC353E50097E6E4 /* banana1.mp3 */ = {isa = PBXFileReference; lastKnownFileType = audio.mp3; name = banana1.mp3; path = "../../../../Desktop/よくわからないフォルダ/banana1.mp3"; sourceTree = "<group>"; };
		08A630031C958B6200272C11 /* RESET.jpg */ = {isa = PBXFileReference; lastKnownFileType = image.jpeg; name = RESET.jpg; path = "../../../../Desktop/アプリ/RESET.jpg"; sourceTree = "<group>"; };
		08A630041C958B6200272C11 /* START.jpg */ = {isa = PBXFileReference; lastKnownFileType = image.jpeg; name = START.jpg; path = "../../../../Desktop/アプリ/START.jpg"; sourceTree = "<group>"; };
		08A630051C958B6200272C11 /* STOP.jpg */ = {isa = PBXFileReference; lastKnownFileType = image.jpeg; name = STOP.jpg; path = "../../../../Desktop/アプリ/STOP.jpg"; sourceTree = "<group>"; };
		08E0EA961C92C756007F8D08 /* 10second game.app */ = {isa = PBXFileReference; explicitFileType = wrapper.application; includeInIndex = 0; path = "10second game.app"; sourceTree = BUILT_PRODUCTS_DIR; };
		08E0EA9A1C92C756007F8D08 /* main.m */ = {isa = PBXFileReference; lastKnownFileType = sourcecode.c.objc; path = main.m; sourceTree = "<group>"; };
		08E0EA9C1C92C756007F8D08 /* AppDelegate.h */ = {isa = PBXFileReference; lastKnownFileType = sourcecode.c.h; path = AppDelegate.h; sourceTree = "<group>"; };
		08E0EA9D1C92C756007F8D08 /* AppDelegate.m */ = {isa = PBXFileReference; lastKnownFileType = sourcecode.c.objc; path = AppDelegate.m; sourceTree = "<group>"; };
		08E0EA9F1C92C756007F8D08 /* ViewController.h */ = {isa = PBXFileReference; lastKnownFileType = sourcecode.c.h; path = ViewController.h; sourceTree = "<group>"; };
		08E0EAA01C92C756007F8D08 /* ViewController.m */ = {isa = PBXFileReference; lastKnownFileType = sourcecode.c.objc; path = ViewController.m; sourceTree = "<group>"; };
		08E0EAA31C92C756007F8D08 /* Base */ = {isa = PBXFileReference; lastKnownFileType = file.storyboard; name = Base; path = Base.lproj/Main.storyboard; sourceTree = "<group>"; };
		08E0EAA51C92C756007F8D08 /* Assets.xcassets */ = {isa = PBXFileReference; lastKnownFileType = folder.assetcatalog; path = Assets.xcassets; sourceTree = "<group>"; };
		08E0EAA81C92C756007F8D08 /* Base */ = {isa = PBXFileReference; lastKnownFileType = file.storyboard; name = Base; path = Base.lproj/LaunchScreen.storyboard; sourceTree = "<group>"; };
		08E0EAAA1C92C756007F8D08 /* Info.plist */ = {isa = PBXFileReference; lastKnownFileType = text.plist.xml; path = Info.plist; sourceTree = "<group>"; };
		08E0EAAF1C92C756007F8D08 /* 10second gameTests.xctest */ = {isa = PBXFileReference; explicitFileType = wrapper.cfbundle; includeInIndex = 0; path = "10second gameTests.xctest"; sourceTree = BUILT_PRODUCTS_DIR; };
		08E0EAB31C92C756007F8D08 /* _0second_gameTests.m */ = {isa = PBXFileReference; lastKnownFileType = sourcecode.c.objc; path = _0second_gameTests.m; sourceTree = "<group>"; };
		08E0EAB51C92C756007F8D08 /* Info.plist */ = {isa = PBXFileReference; lastKnownFileType = text.plist.xml; path = Info.plist; sourceTree = "<group>"; };
		08E0EABA1C92C756007F8D08 /* 10second gameUITests.xctest */ = {isa = PBXFileReference; explicitFileType = wrapper.cfbundle; includeInIndex = 0; path = "10second gameUITests.xctest"; sourceTree = BUILT_PRODUCTS_DIR; };
		08E0EABE1C92C756007F8D08 /* _0second_gameUITests.m */ = {isa = PBXFileReference; lastKnownFileType = sourcecode.c.objc; path = _0second_gameUITests.m; sourceTree = "<group>"; };
		08E0EAC01C92C756007F8D08 /* Info.plist */ = {isa = PBXFileReference; lastKnownFileType = text.plist.xml; path = Info.plist; sourceTree = "<group>"; };
/* End PBXFileReference section */

/* Begin PBXFrameworksBuildPhase section */
		08E0EA931C92C756007F8D08 /* Frameworks */ = {
			isa = PBXFrameworksBuildPhase;
			buildActionMask = 2147483647;
			files = (
				086B1BA91CC3509B0097E6E4 /* AVFoundation.framework in Frameworks */,
			);
			runOnlyForDeploymentPostprocessing = 0;
		};
		08E0EAAC1C92C756007F8D08 /* Frameworks */ = {
			isa = PBXFrameworksBuildPhase;
			buildActionMask = 2147483647;
			files = (
			);
			runOnlyForDeploymentPostprocessing = 0;
		};
		08E0EAB71C92C756007F8D08 /* Frameworks */ = {
			isa = PBXFrameworksBuildPhase;
			buildActionMask = 2147483647;
			files = (
			);
			runOnlyForDeploymentPostprocessing = 0;
		};
/* End PBXFrameworksBuildPhase section */

/* Begin PBXGroup section */
		08E0EA8D1C92C756007F8D08 = {
			isa = PBXGroup;
			children = (
				086B1BA81CC3509B0097E6E4 /* AVFoundation.framework */,
				08E0EA981C92C756007F8D08 /* 10second game */,
				08E0EAB21C92C756007F8D08 /* 10second gameTests */,
				08E0EABD1C92C756007F8D08 /* 10second gameUITests */,
				08E0EA971C92C756007F8D08 /* Products */,
			);
			sourceTree = "<group>";
		};
		08E0EA971C92C756007F8D08 /* Products */ = {
			isa = PBXGroup;
			children = (
				08E0EA961C92C756007F8D08 /* 10second game.app */,
				08E0EAAF1C92C756007F8D08 /* 10second gameTests.xctest */,
				08E0EABA1C92C756007F8D08 /* 10second gameUITests.xctest */,
			);
			name = Products;
			sourceTree = "<group>";
		};
		08E0EA981C92C756007F8D08 /* 10second game */ = {
			isa = PBXGroup;
			children = (
				08E0EA9C1C92C756007F8D08 /* AppDelegate.h */,
				08E0EA9D1C92C756007F8D08 /* AppDelegate.m */,
				08E0EA9F1C92C756007F8D08 /* ViewController.h */,
				08E0EAA01C92C756007F8D08 /* ViewController.m */,
				08E0EAA21C92C756007F8D08 /* Main.storyboard */,
				08E0EAA51C92C756007F8D08 /* Assets.xcassets */,
				08E0EAA71C92C756007F8D08 /* LaunchScreen.storyboard */,
				08E0EAAA1C92C756007F8D08 /* Info.plist */,
				08E0EA991C92C756007F8D08 /* Supporting Files */,
			);
			path = "10second game";
			sourceTree = "<group>";
		};
		08E0EA991C92C756007F8D08 /* Supporting Files */ = {
			isa = PBXGroup;
			children = (
				084C01512061241100D466D4 /* black.jpg */,
				08A630031C958B6200272C11 /* RESET.jpg */,
				08A630041C958B6200272C11 /* START.jpg */,
				086B1BAC1CC353E50097E6E4 /* banana1.mp3 */,
				08A630051C958B6200272C11 /* STOP.jpg */,
				08E0EA9A1C92C756007F8D08 /* main.m */,
			);
			name = "Supporting Files";
			sourceTree = "<group>";
		};
		08E0EAB21C92C756007F8D08 /* 10second gameTests */ = {
			isa = PBXGroup;
			children = (
				08E0EAB31C92C756007F8D08 /* _0second_gameTests.m */,
				08E0EAB51C92C756007F8D08 /* Info.plist */,
			);
			path = "10second gameTests";
			sourceTree = "<group>";
		};
		08E0EABD1C92C756007F8D08 /* 10second gameUITests */ = {
			isa = PBXGroup;
			children = (
				08E0EABE1C92C756007F8D08 /* _0second_gameUITests.m */,
				08E0EAC01C92C756007F8D08 /* Info.plist */,
			);
			path = "10second gameUITests";
			sourceTree = "<group>";
		};
/* End PBXGroup section */

/* Begin PBXNativeTarget section */
		08E0EA951C92C756007F8D08 /* 10second game */ = {
			isa = PBXNativeTarget;
			buildConfigurationList = 08E0EAC31C92C756007F8D08 /* Build configuration list for PBXNativeTarget "10second game" */;
			buildPhases = (
				08E0EA921C92C756007F8D08 /* Sources */,
				08E0EA931C92C756007F8D08 /* Frameworks */,
				08E0EA941C92C756007F8D08 /* Resources */,
			);
			buildRules = (
			);
			dependencies = (
			);
			name = "10second game";
			productName = "10second game";
			productReference = 08E0EA961C92C756007F8D08 /* 10second game.app */;
			productType = "com.apple.product-type.application";
		};
		08E0EAAE1C92C756007F8D08 /* 10second gameTests */ = {
			isa = PBXNativeTarget;
			buildConfigurationList = 08E0EAC61C92C756007F8D08 /* Build configuration list for PBXNativeTarget "10second gameTests" */;
			buildPhases = (
				08E0EAAB1C92C756007F8D08 /* Sources */,
				08E0EAAC1C92C756007F8D08 /* Frameworks */,
				08E0EAAD1C92C756007F8D08 /* Resources */,
			);
			buildRules = (
			);
			dependencies = (
				08E0EAB11C92C756007F8D08 /* PBXTargetDependency */,
			);
			name = "10second gameTests";
			productName = "10second gameTests";
			productReference = 08E0EAAF1C92C756007F8D08 /* 10second gameTests.xctest */;
			productType = "com.apple.product-type.bundle.unit-test";
		};
		08E0EAB91C92C756007F8D08 /* 10second gameUITests */ = {
			isa = PBXNativeTarget;
			buildConfigurationList = 08E0EAC91C92C756007F8D08 /* Build configuration list for PBXNativeTarget "10second gameUITests" */;
			buildPhases = (
				08E0EAB61C92C756007F8D08 /* Sources */,
				08E0EAB71C92C756007F8D08 /* Frameworks */,
				08E0EAB81C92C756007F8D08 /* Resources */,
			);
			buildRules = (
			);
			dependencies = (
				08E0EABC1C92C756007F8D08 /* PBXTargetDependency */,
			);
			name = "10second gameUITests";
			productName = "10second gameUITests";
			productReference = 08E0EABA1C92C756007F8D08 /* 10second gameUITests.xctest */;
			productType = "com.apple.product-type.bundle.ui-testing";
		};
/* End PBXNativeTarget section */

/* Begin PBXProject section */
		08E0EA8E1C92C756007F8D08 /* Project object */ = {
			isa = PBXProject;
			attributes = {
				LastUpgradeCheck = 0720;
				ORGANIZATIONNAME = "Kohei Adachi";
				TargetAttributes = {
					08E0EA951C92C756007F8D08 = {
						CreatedOnToolsVersion = 7.2.1;
						DevelopmentTeam = CK6QEZR7Y5;
					};
					08E0EAAE1C92C756007F8D08 = {
						CreatedOnToolsVersion = 7.2.1;
						DevelopmentTeam = CK6QEZR7Y5;
						TestTargetID = 08E0EA951C92C756007F8D08;
					};
					08E0EAB91C92C756007F8D08 = {
						CreatedOnToolsVersion = 7.2.1;
						DevelopmentTeam = CK6QEZR7Y5;
						TestTargetID = 08E0EA951C92C756007F8D08;
					};
				};
			};
			buildConfigurationList = 08E0EA911C92C756007F8D08 /* Build configuration list for PBXProject "10second game" */;
			compatibilityVersion = "Xcode 3.2";
			developmentRegion = English;
			hasScannedForEncodings = 0;
			knownRegions = (
				en,
				Base,
			);
			mainGroup = 08E0EA8D1C92C756007F8D08;
			productRefGroup = 08E0EA971C92C756007F8D08 /* Products */;
			projectDirPath = "";
			projectRoot = "";
			targets = (
				08E0EA951C92C756007F8D08 /* 10second game */,
				08E0EAAE1C92C756007F8D08 /* 10second gameTests */,
				08E0EAB91C92C756007F8D08 /* 10second gameUITests */,
			);
		};
/* End PBXProject section */

/* Begin PBXResourcesBuildPhase section */
		08E0EA941C92C756007F8D08 /* Resources */ = {
			isa = PBXResourcesBuildPhase;
			buildActionMask = 2147483647;
			files = (
				08A630071C958B6200272C11 /* START.jpg in Resources */,
				08A630081C958B6200272C11 /* STOP.jpg in Resources */,
				084C01522061241100D466D4 /* black.jpg in Resources */,
				08E0EAA91C92C756007F8D08 /* LaunchScreen.storyboard in Resources */,
				086B1BAD1CC353E50097E6E4 /* banana1.mp3 in Resources */,
				08E0EAA61C92C756007F8D08 /* Assets.xcassets in Resources */,
				08A630061C958B6200272C11 /* RESET.jpg in Resources */,
				08E0EAA41C92C756007F8D08 /* Main.storyboard in Resources */,
			);
			runOnlyForDeploymentPostprocessing = 0;
		};
		08E0EAAD1C92C756007F8D08 /* Resources */ = {
			isa = PBXResourcesBuildPhase;
			buildActionMask = 2147483647;
			files = (
			);
			runOnlyForDeploymentPostprocessing = 0;
		};
		08E0EAB81C92C756007F8D08 /* Resources */ = {
			isa = PBXResourcesBuildPhase;
			buildActionMask = 2147483647;
			files = (
			);
			runOnlyForDeploymentPostprocessing = 0;
		};
/* End PBXResourcesBuildPhase section */

/* Begin PBXSourcesBuildPhase section */
		08E0EA921C92C756007F8D08 /* Sources */ = {
			isa = PBXSourcesBuildPhase;
			buildActionMask = 2147483647;
			files = (
				08E0EAA11C92C756007F8D08 /* ViewController.m in Sources */,
				08E0EA9E1C92C756007F8D08 /* AppDelegate.m in Sources */,
				08E0EA9B1C92C756007F8D08 /* main.m in Sources */,
			);
			runOnlyForDeploymentPostprocessing = 0;
		};
		08E0EAAB1C92C756007F8D08 /* Sources */ = {
			isa = PBXSourcesBuildPhase;
			buildActionMask = 2147483647;
			files = (
				08E0EAB41C92C756007F8D08 /* _0second_gameTests.m in Sources */,
			);
			runOnlyForDeploymentPostprocessing = 0;
		};
		08E0EAB61C92C756007F8D08 /* Sources */ = {
			isa = PBXSourcesBuildPhase;
			buildActionMask = 2147483647;
			files = (
				08E0EABF1C92C756007F8D08 /* _0second_gameUITests.m in Sources */,
			);
			runOnlyForDeploymentPostprocessing = 0;
		};
/* End PBXSourcesBuildPhase section */

/* Begin PBXTargetDependency section */
		08E0EAB11C92C756007F8D08 /* PBXTargetDependency */ = {
			isa = PBXTargetDependency;
			target = 08E0EA951C92C756007F8D08 /* 10second game */;
			targetProxy = 08E0EAB01C92C756007F8D08 /* PBXContainerItemProxy */;
		};
		08E0EABC1C92C756007F8D08 /* PBXTargetDependency */ = {
			isa = PBXTargetDependency;
			target = 08E0EA951C92C756007F8D08 /* 10second game */;
			targetProxy = 08E0EABB1C92C756007F8D08 /* PBXContainerItemProxy */;
		};
/* End PBXTargetDependency section */

/* Begin PBXVariantGroup section */
		08E0EAA21C92C756007F8D08 /* Main.storyboard */ = {
			isa = PBXVariantGroup;
			children = (
				08E0EAA31C92C756007F8D08 /* Base */,
			);
			name = Main.storyboard;
			sourceTree = "<group>";
		};
		08E0EAA71C92C756007F8D08 /* LaunchScreen.storyboard */ = {
			isa = PBXVariantGroup;
			children = (
				08E0EAA81C92C756007F8D08 /* Base */,
			);
			name = LaunchScreen.storyboard;
			sourceTree = "<group>";
		};
/* End PBXVariantGroup section */

/* Begin XCBuildConfiguration section */
		08E0EAC11C92C756007F8D08 /* Debug */ = {
			isa = XCBuildConfiguration;
			buildSettings = {
				ALWAYS_SEARCH_USER_PATHS = NO;
				CLANG_CXX_LANGUAGE_STANDARD = "gnu++0x";
				CLANG_CXX_LIBRARY = "libc++";
				CLANG_ENABLE_MODULES = YES;
				CLANG_ENABLE_OBJC_ARC = YES;
				CLANG_WARN_BOOL_CONVERSION = YES;
				CLANG_WARN_CONSTANT_CONVERSION = YES;
				CLANG_WARN_DIRECT_OBJC_ISA_USAGE = YES_ERROR;
				CLANG_WARN_EMPTY_BODY = YES;
				CLANG_WARN_ENUM_CONVERSION = YES;
				CLANG_WARN_INT_CONVERSION = YES;
				CLANG_WARN_OBJC_ROOT_CLASS = YES_ERROR;
				CLANG_WARN_UNREACHABLE_CODE = YES;
				CLANG_WARN__DUPLICATE_METHOD_MATCH = YES;
				"CODE_SIGN_IDENTITY[sdk=iphoneos*]" = "iPhone Developer";
				COPY_PHASE_STRIP = NO;
				DEBUG_INFORMATION_FORMAT = dwarf;
				ENABLE_STRICT_OBJC_MSGSEND = YES;
				ENABLE_TESTABILITY = YES;
				GCC_C_LANGUAGE_STANDARD = gnu99;
				GCC_DYNAMIC_NO_PIC = NO;
				GCC_NO_COMMON_BLOCKS = YES;
				GCC_OPTIMIZATION_LEVEL = 0;
				GCC_PREPROCESSOR_DEFINITIONS = (
					"DEBUG=1",
					"$(inherited)",
				);
				GCC_WARN_64_TO_32_BIT_CONVERSION = YES;
				GCC_WARN_ABOUT_RETURN_TYPE = YES_ERROR;
				GCC_WARN_UNDECLARED_SELECTOR = YES;
				GCC_WARN_UNINITIALIZED_AUTOS = YES_AGGRESSIVE;
				GCC_WARN_UNUSED_FUNCTION = YES;
				GCC_WARN_UNUSED_VARIABLE = YES;
				IPHONEOS_DEPLOYMENT_TARGET = 9.2;
				MTL_ENABLE_DEBUG_INFO = YES;
				ONLY_ACTIVE_ARCH = YES;
				SDKROOT = iphoneos;
			};
			name = Debug;
		};
		08E0EAC21C92C756007F8D08 /* Release */ = {
			isa = XCBuildConfiguration;
			buildSettings = {
				ALWAYS_SEARCH_USER_PATHS = NO;
				CLANG_CXX_LANGUAGE_STANDARD = "gnu++0x";
				CLANG_CXX_LIBRARY = "libc++";
				CLANG_ENABLE_MODULES = YES;
				CLANG_ENABLE_OBJC_ARC = YES;
				CLANG_WARN_BOOL_CONVERSION = YES;
				CLANG_WARN_CONSTANT_CONVERSION = YES;
				CLANG_WARN_DIRECT_OBJC_ISA_USAGE = YES_ERROR;
				CLANG_WARN_EMPTY_BODY = YES;
				CLANG_WARN_ENUM_CONVERSION = YES;
				CLANG_WARN_INT_CONVERSION = YES;
				CLANG_WARN_OBJC_ROOT_CLASS = YES_ERROR;
				CLANG_WARN_UNREACHABLE_CODE = YES;
				CLANG_WARN__DUPLICATE_METHOD_MATCH = YES;
				"CODE_SIGN_IDENTITY[sdk=iphoneos*]" = "iPhone Developer";
				COPY_PHASE_STRIP = NO;
				DEBUG_INFORMATION_FORMAT = "dwarf-with-dsym";
				ENABLE_NS_ASSERTIONS = NO;
				ENABLE_STRICT_OBJC_MSGSEND = YES;
				GCC_C_LANGUAGE_STANDARD = gnu99;
				GCC_NO_COMMON_BLOCKS = YES;
				GCC_WARN_64_TO_32_BIT_CONVERSION = YES;
				GCC_WARN_ABOUT_RETURN_TYPE = YES_ERROR;
				GCC_WARN_UNDECLARED_SELECTOR = YES;
				GCC_WARN_UNINITIALIZED_AUTOS = YES_AGGRESSIVE;
				GCC_WARN_UNUSED_FUNCTION = YES;
				GCC_WARN_UNUSED_VARIABLE = YES;
				IPHONEOS_DEPLOYMENT_TARGET = 9.2;
				MTL_ENABLE_DEBUG_INFO = NO;
				SDKROOT = iphoneos;
				VALIDATE_PRODUCT = YES;
			};
			name = Release;
		};
		08E0EAC41C92C756007F8D08 /* Debug */ = {
			isa = XCBuildConfiguration;
			buildSettings = {
				ASSETCATALOG_COMPILER_APPICON_NAME = AppIcon;
				INFOPLIST_FILE = "10second game/Info.plist";
				IPHONEOS_DEPLOYMENT_TARGET = 11.2;
				LD_RUNPATH_SEARCH_PATHS = "$(inherited) @executable_path/Frameworks";
				OTHER_LDFLAGS = "";
				PRODUCT_BUNDLE_IDENTIFIER = "a.-0second-game";
				PRODUCT_NAME = "$(TARGET_NAME)";
			};
			name = Debug;
		};
		08E0EAC51C92C756007F8D08 /* Release */ = {
			isa = XCBuildConfiguration;
			buildSettings = {
				ASSETCATALOG_COMPILER_APPICON_NAME = AppIcon;
				INFOPLIST_FILE = "10second game/Info.plist";
				IPHONEOS_DEPLOYMENT_TARGET = 11.2;
				LD_RUNPATH_SEARCH_PATHS = "$(inherited) @executable_path/Frameworks";
				OTHER_LDFLAGS = "";
				PRODUCT_BUNDLE_IDENTIFIER = "a.-0second-game";
				PRODUCT_NAME = "$(TARGET_NAME)";
			};
			name = Release;
		};
		08E0EAC71C92C756007F8D08 /* Debug */ = {
			isa = XCBuildConfiguration;
			buildSettings = {
				BUNDLE_LOADER = "$(TEST_HOST)";
				INFOPLIST_FILE = "10second gameTests/Info.plist";
				LD_RUNPATH_SEARCH_PATHS = "$(inherited) @executable_path/Frameworks @loader_path/Frameworks";
				PRODUCT_BUNDLE_IDENTIFIER = "a.-0second-gameTests";
				PRODUCT_NAME = "$(TARGET_NAME)";
				TEST_HOST = "$(BUILT_PRODUCTS_DIR)/10second game.app/10second game";
			};
			name = Debug;
		};
		08E0EAC81C92C756007F8D08 /* Release */ = {
			isa = XCBuildConfiguration;
			buildSettings = {
				BUNDLE_LOADER = "$(TEST_HOST)";
				INFOPLIST_FILE = "10second gameTests/Info.plist";
				LD_RUNPATH_SEARCH_PATHS = "$(inherited) @executable_path/Frameworks @loader_path/Frameworks";
				PRODUCT_BUNDLE_IDENTIFIER = "a.-0second-gameTests";
				PRODUCT_NAME = "$(TARGET_NAME)";
				TEST_HOST = "$(BUILT_PRODUCTS_DIR)/10second game.app/10second game";
			};
			name = Release;
		};
		08E0EACA1C92C756007F8D08 /* Debug */ = {
			isa = XCBuildConfiguration;
			buildSettings = {
				INFOPLIST_FILE = "10second gameUITests/Info.plist";
				LD_RUNPATH_SEARCH_PATHS = "$(inherited) @executable_path/Frameworks @loader_path/Frameworks";
				PRODUCT_BUNDLE_IDENTIFIER = "a.-0second-gameUITests";
				PRODUCT_NAME = "$(TARGET_NAME)";
				TEST_TARGET_NAME = "10second game";
				USES_XCTRUNNER = YES;
			};
			name = Debug;
		};
		08E0EACB1C92C756007F8D08 /* Release */ = {
			isa = XCBuildConfiguration;
			buildSettings = {
				INFOPLIST_FILE = "10second gameUITests/Info.plist";
				LD_RUNPATH_SEARCH_PATHS = "$(inherited) @executable_path/Frameworks @loader_path/Frameworks";
				PRODUCT_BUNDLE_IDENTIFIER = "a.-0second-gameUITests";
				PRODUCT_NAME = "$(TARGET_NAME)";
				TEST_TARGET_NAME = "10second game";
				USES_XCTRUNNER = YES;
			};
			name = Release;
		};
/* End XCBuildConfiguration section */

/* Begin XCConfigurationList section */
		08E0EA911C92C756007F8D08 /* Build configuration list for PBXProject "10second game" */ = {
			isa = XCConfigurationList;
			buildConfigurations = (
				08E0EAC11C92C756007F8D08 /* Debug */,
				08E0EAC21C92C756007F8D08 /* Release */,
			);
			defaultConfigurationIsVisible = 0;
			defaultConfigurationName = Release;
		};
		08E0EAC31C92C756007F8D08 /* Build configuration list for PBXNativeTarget "10second game" */ = {
			isa = XCConfigurationList;
			buildConfigurations = (
				08E0EAC41C92C756007F8D08 /* Debug */,
				08E0EAC51C92C756007F8D08 /* Release */,
			);
			defaultConfigurationIsVisible = 0;
			defaultConfigurationName = Release;
		};
		08E0EAC61C92C756007F8D08 /* Build configuration list for PBXNativeTarget "10second gameTests" */ = {
			isa = XCConfigurationList;
			buildConfigurations = (
				08E0EAC71C92C756007F8D08 /* Debug */,
				08E0EAC81C92C756007F8D08 /* Release */,
			);
			defaultConfigurationIsVisible = 0;
			defaultConfigurationName = Release;
		};
		08E0EAC91C92C756007F8D08 /* Build configuration list for PBXNativeTarget "10second gameUITests" */ = {
			isa = XCConfigurationList;
			buildConfigurations = (
				08E0EACA1C92C756007F8D08 /* Debug */,
				08E0EACB1C92C756007F8D08 /* Release */,
			);
			defaultConfigurationIsVisible = 0;
			defaultConfigurationName = Release;
		};
/* End XCConfigurationList section */
	};
	rootObject = 08E0EA8E1C92C756007F8D08 /* Project object */;
}
